
Microsoft Visual Studio Solution File, Format Version 12.00
# Visual Studio Version 17
VisualStudioVersion = 17.5.33424.131
MinimumVisualStudioVersion = 10.0.40219.1
Project("{9A19103F-16F7-4668-BE54-9A1E7A4F7556}") = "ShreeGanesh(WebAPI)", "ShreeGanesh(WebApi)\ShreeGanesh(WebApi)\ShreeGanesh(WebAPI).csproj", "{37C9D542-2834-4F40-9DC0-6A04DDC2D7C0}"
EndProject
Project("{9A19103F-16F7-4668-BE54-9A1E7A4F7556}") = "ShreeGanesh(WebDomian)", "ShreeGanesh(WebDomian)\ShreeGanesh(WebDomian).csproj", "{2A2638D4-5E0B-44DE-9451-DCD9BB44D576}"
EndProject
Project("{9A19103F-16F7-4668-BE54-9A1E7A4F7556}") = "ShreeGanesh(WebRepository)", "ShreeGanesh(WebRepository)\ShreeGanesh(WebRepository).csproj", "{D58CE15E-1EDC-49B0-AE5B-1038FBE2F2CE}"
EndProject
Global
	GlobalSection(SolutionConfigurationPlatforms) = preSolution
		Debug|Any CPU = Debug|Any CPU
		Release|Any CPU = Release|Any CPU
	EndGlobalSection
	GlobalSection(ProjectConfigurationPlatforms) = postSolution
		{37C9D542-2834-4F40-9DC0-6A04DDC2D7C0}.Debug|Any CPU.ActiveCfg = Debug|Any CPU
		{37C9D542-2834-4F40-9DC0-6A04DDC2D7C0}.Debug|Any CPU.Build.0 = Debug|Any CPU
		{37C9D542-2834-4F40-9DC0-6A04DDC2D7C0}.Release|Any CPU.ActiveCfg = Release|Any CPU
		{37C9D542-2834-4F40-9DC0-6A04DDC2D7C0}.Release|Any CPU.Build.0 = Release|Any CPU
		{2A2638D4-5E0B-44DE-9451-DCD9BB44D576}.Debug|Any CPU.ActiveCfg = Debug|Any CPU
		{2A2638D4-5E0B-44DE-9451-DCD9BB44D576}.Debug|Any CPU.Build.0 = Debug|Any CPU
		{2A2638D4-5E0B-44DE-9451-DCD9BB44D576}.Release|Any CPU.ActiveCfg = Release|Any CPU
		{2A2638D4-5E0B-44DE-9451-DCD9BB44D576}.Release|Any CPU.Build.0 = Release|Any CPU
		{D58CE15E-1EDC-49B0-AE5B-1038FBE2F2CE}.Debug|Any CPU.ActiveCfg = Debug|Any CPU
		{D58CE15E-1EDC-49B0-AE5B-1038FBE2F2CE}.Debug|Any CPU.Build.0 = Debug|Any CPU
		{D58CE15E-1EDC-49B0-AE5B-1038FBE2F2CE}.Release|Any CPU.ActiveCfg = Release|Any CPU
		{D58CE15E-1EDC-49B0-AE5B-1038FBE2F2CE}.Release|Any CPU.Build.0 = Release|Any CPU
	EndGlobalSection
	GlobalSection(SolutionProperties) = preSolution
		HideSolutionNode = FALSE
	EndGlobalSection
	GlobalSection(ExtensibilityGlobals) = postSolution
		SolutionGuid = {4F72E6BF-77EC-4191-A5CA-CD2C04E263B4}
	EndGlobalSection
EndGlobal
